
Microsoft Visual Studio Solution File, Format Version 12.00
# Visual Studio Version 16
VisualStudioVersion = 16.0.30907.101
MinimumVisualStudioVersion = 10.0.40219.1
Project("{FAE04EC0-301F-11D3-BF4B-00C04F79EFBC}") = "Es Dadi", "Es Dadi\Es Dadi.csproj", "{BCA34430-0AE9-4084-B190-7A411999ABB9}"
EndProject
Global
	GlobalSection(SolutionConfigurationPlatforms) = preSolution
		Debug|Any CPU = Debug|Any CPU
		Release|Any CPU = Release|Any CPU
	EndGlobalSection
	GlobalSection(ProjectConfigurationPlatforms) = postSolution
		{BCA34430-0AE9-4084-B190-7A411999ABB9}.Debug|Any CPU.ActiveCfg = Debug|Any CPU
		{BCA34430-0AE9-4084-B190-7A411999ABB9}.Debug|Any CPU.Build.0 = Debug|Any CPU
		{BCA34430-0AE9-4084-B190-7A411999ABB9}.Release|Any CPU.ActiveCfg = Release|Any CPU
		{BCA34430-0AE9-4084-B190-7A411999ABB9}.Release|Any CPU.Build.0 = Release|Any CPU
	EndGlobalSection
	GlobalSection(SolutionProperties) = preSolution
		HideSolutionNode = FALSE
	EndGlobalSection
	GlobalSection(ExtensibilityGlobals) = postSolution
		SolutionGuid = {64AA23B1-A4B6-4092-AF2D-08781910210E}
	EndGlobalSection
EndGlobal
